
Microsoft Visual Studio Solution File, Format Version 12.00
# Visual Studio Version 16
VisualStudioVersion = 16.0.30804.86
MinimumVisualStudioVersion = 10.0.40219.1
Project("{9A19103F-16F7-4668-BE54-9A1E7A4F7556}") = "DataAccess", "DataAccess\DataAccess.csproj", "{1C7E642B-23B9-423C-AE04-7EB674F9E8D7}"
EndProject
Project("{9A19103F-16F7-4668-BE54-9A1E7A4F7556}") = "Business", "Business\Business.csproj", "{94ED34A6-7B12-41F0-B593-9A12EACF5855}"
EndProject
Project("{9A19103F-16F7-4668-BE54-9A1E7A4F7556}") = "Entities", "Entities\Entities.csproj", "{3386345B-9B48-4832-978B-EC76A1606244}"
EndProject
Project("{9A19103F-16F7-4668-BE54-9A1E7A4F7556}") = "ConsoleUI", "ConsoleUI\ConsoleUI.csproj", "{C9EBB89C-D4A7-4206-AEC7-AFDE58D4CC24}"
EndProject
Project("{9A19103F-16F7-4668-BE54-9A1E7A4F7556}") = "Core", "Core\Core.csproj", "{ED81A031-FFE1-4256-AAB9-A277F6830FD1}"
EndProject
Project("{FAE04EC0-301F-11D3-BF4B-00C04F79EFBC}") = "WebAPI", "WebAPI\WebAPI.csproj", "{88739688-1850-4D49-860C-65B10DB8F47A}"
EndProject
Global
	GlobalSection(SolutionConfigurationPlatforms) = preSolution
		Debug|Any CPU = Debug|Any CPU
		Release|Any CPU = Release|Any CPU
	EndGlobalSection
	GlobalSection(ProjectConfigurationPlatforms) = postSolution
		{1C7E642B-23B9-423C-AE04-7EB674F9E8D7}.Debug|Any CPU.ActiveCfg = Debug|Any CPU
		{1C7E642B-23B9-423C-AE04-7EB674F9E8D7}.Debug|Any CPU.Build.0 = Debug|Any CPU
		{1C7E642B-23B9-423C-AE04-7EB674F9E8D7}.Release|Any CPU.ActiveCfg = Release|Any CPU
		{1C7E642B-23B9-423C-AE04-7EB674F9E8D7}.Release|Any CPU.Build.0 = Release|Any CPU
		{94ED34A6-7B12-41F0-B593-9A12EACF5855}.Debug|Any CPU.ActiveCfg = Debug|Any CPU
		{94ED34A6-7B12-41F0-B593-9A12EACF5855}.Debug|Any CPU.Build.0 = Debug|Any CPU
		{94ED34A6-7B12-41F0-B593-9A12EACF5855}.Release|Any CPU.ActiveCfg = Release|Any CPU
		{94ED34A6-7B12-41F0-B593-9A12EACF5855}.Release|Any CPU.Build.0 = Release|Any CPU
		{3386345B-9B48-4832-978B-EC76A1606244}.Debug|Any CPU.ActiveCfg = Debug|Any CPU
		{3386345B-9B48-4832-978B-EC76A1606244}.Debug|Any CPU.Build.0 = Debug|Any CPU
		{3386345B-9B48-4832-978B-EC76A1606244}.Release|Any CPU.ActiveCfg = Release|Any CPU
		{3386345B-9B48-4832-978B-EC76A1606244}.Release|Any CPU.Build.0 = Release|Any CPU
		{C9EBB89C-D4A7-4206-AEC7-AFDE58D4CC24}.Debug|Any CPU.ActiveCfg = Debug|Any CPU
		{C9EBB89C-D4A7-4206-AEC7-AFDE58D4CC24}.Debug|Any CPU.Build.0 = Debug|Any CPU
		{C9EBB89C-D4A7-4206-AEC7-AFDE58D4CC24}.Release|Any CPU.ActiveCfg = Release|Any CPU
		{C9EBB89C-D4A7-4206-AEC7-AFDE58D4CC24}.Release|Any CPU.Build.0 = Release|Any CPU
		{ED81A031-FFE1-4256-AAB9-A277F6830FD1}.Debug|Any CPU.ActiveCfg = Debug|Any CPU
		{ED81A031-FFE1-4256-AAB9-A277F6830FD1}.Debug|Any CPU.Build.0 = Debug|Any CPU
		{ED81A031-FFE1-4256-AAB9-A277F6830FD1}.Release|Any CPU.ActiveCfg = Release|Any CPU
		{ED81A031-FFE1-4256-AAB9-A277F6830FD1}.Release|Any CPU.Build.0 = Release|Any CPU
		{88739688-1850-4D49-860C-65B10DB8F47A}.Debug|Any CPU.ActiveCfg = Debug|Any CPU
		{88739688-1850-4D49-860C-65B10DB8F47A}.Debug|Any CPU.Build.0 = Debug|Any CPU
		{88739688-1850-4D49-860C-65B10DB8F47A}.Release|Any CPU.ActiveCfg = Release|Any CPU
		{88739688-1850-4D49-860C-65B10DB8F47A}.Release|Any CPU.Build.0 = Release|Any CPU
	EndGlobalSection
	GlobalSection(SolutionProperties) = preSolution
		HideSolutionNode = FALSE
	EndGlobalSection
	GlobalSection(ExtensibilityGlobals) = postSolution
		SolutionGuid = {2A624D55-CE90-405D-BE46-13B485094789}
	EndGlobalSection
EndGlobal
